
Microsoft Visual Studio Solution File, Format Version 12.00
# Visual Studio Version 16
VisualStudioVersion = 16.0.31112.23
MinimumVisualStudioVersion = 10.0.40219.1
Project("{FAE04EC0-301F-11D3-BF4B-00C04F79EFBC}") = "3DFacesProcessing", "3DFacesProcessing.csproj", "{ECA49ADB-7CD2-4A42-A001-5BFE6CFA7AFD}"
EndProject
Global
	GlobalSection(SolutionConfigurationPlatforms) = preSolution
		Debug|Any CPU = Debug|Any CPU
		Release|Any CPU = Release|Any CPU
	EndGlobalSection
	GlobalSection(ProjectConfigurationPlatforms) = postSolution
		{ECA49ADB-7CD2-4A42-A001-5BFE6CFA7AFD}.Debug|Any CPU.ActiveCfg = Debug|Any CPU
		{ECA49ADB-7CD2-4A42-A001-5BFE6CFA7AFD}.Debug|Any CPU.Build.0 = Debug|Any CPU
		{ECA49ADB-7CD2-4A42-A001-5BFE6CFA7AFD}.Release|Any CPU.ActiveCfg = Release|Any CPU
		{ECA49ADB-7CD2-4A42-A001-5BFE6CFA7AFD}.Release|Any CPU.Build.0 = Release|Any CPU
	EndGlobalSection
	GlobalSection(SolutionProperties) = preSolution
		HideSolutionNode = FALSE
	EndGlobalSection
	GlobalSection(ExtensibilityGlobals) = postSolution
		SolutionGuid = {C922F1F8-16DC-43EE-8DC3-7B8FC4F08758}
	EndGlobalSection
EndGlobal
